
Microsoft Visual Studio Solution File, Format Version 12.00
# Visual Studio Version 17
VisualStudioVersion = 17.0.31903.59
MinimumVisualStudioVersion = 10.0.40219.1
Project("{2150E333-8FDC-42A3-9474-1A3956D46DE8}") = "src", "src", "{3A68F74A-EA14-4372-B3DF-A41D03A8D251}"
EndProject
Project("{2150E333-8FDC-42A3-9474-1A3956D46DE8}") = "BuildingBlocks", "BuildingBlocks", "{A4594AA2-5C20-4622-8B98-68E38CEC8BAB}"
EndProject
Project("{FAE04EC0-301F-11D3-BF4B-00C04F79EFBC}") = "Hello100Admin.BuildingBlocks.Common", "src\BuildingBlocks\Common\Hello100Admin.BuildingBlocks.Common.csproj", "{93C138EA-BD20-4643-872E-681D32696700}"
EndProject
Project("{FAE04EC0-301F-11D3-BF4B-00C04F79EFBC}") = "Hello100Admin.API", "src\API\Hello100Admin.API.csproj", "{6ED97EB6-0DD8-4184-B846-6026DFEC0833}"
EndProject
Project("{2150E333-8FDC-42A3-9474-1A3956D46DE8}") = "Modules", "Modules", "{DBF1339C-44BE-4519-94C4-7A5D4316C131}"
EndProject
Project("{2150E333-8FDC-42A3-9474-1A3956D46DE8}") = "tests", "tests", "{9A7469D5-A0A1-43B2-8DF2-A14E201DD561}"
EndProject
Project("{2150E333-8FDC-42A3-9474-1A3956D46DE8}") = "Unit", "Unit", "{D6636524-3629-4FDA-97D9-424BF399DB24}"
EndProject
Project("{2150E333-8FDC-42A3-9474-1A3956D46DE8}") = "Integration", "Integration", "{DFE21D34-F6CA-499E-A43A-1416958880D2}"
EndProject
Project("{FAE04EC0-301F-11D3-BF4B-00C04F79EFBC}") = "Hello100Admin.Integration.Shared", "tests\Integration\Shared\Hello100Admin.Integration.Shared.csproj", "{E444FF7F-E47E-46A0-9308-392A5AD54121}"
EndProject
Project("{2150E333-8FDC-42A3-9474-1A3956D46DE8}") = "Admin", "Admin", "{201B7A9D-5D84-5B78-8907-9921C59FE8FA}"
EndProject
Project("{FAE04EC0-301F-11D3-BF4B-00C04F79EFBC}") = "Auth.Domain.UnitTests", "tests\Unit\Auth.Domain.UnitTests\Auth.Domain.UnitTests.csproj", "{D20B4035-39DE-4BBA-A099-86DCF550A555}"
EndProject
Project("{FAE04EC0-301F-11D3-BF4B-00C04F79EFBC}") = "Auth.Infrastructure.UnitTests", "tests\Unit\Auth.Infrastructure.UnitTests\Auth.Infrastructure.UnitTests.csproj", "{1ED6CDD7-D492-46FA-BB26-162B96A12A71}"
EndProject
Project("{FAE04EC0-301F-11D3-BF4B-00C04F79EFBC}") = "Auth.Application.UnitTests", "tests\Unit\Auth.Application.UnitTests\Auth.Application.UnitTests.csproj", "{89D4003C-BCDD-4713-A407-028125EC499A}"
EndProject
Project("{FAE04EC0-301F-11D3-BF4B-00C04F79EFBC}") = "Auth.API.IntegrationTests", "tests\Integration\Auth.API.IntegrationTests\Auth.API.IntegrationTests.csproj", "{469A163A-147E-49E3-BBA2-803A8712A40D}"
EndProject
Project("{FAE04EC0-301F-11D3-BF4B-00C04F79EFBC}") = "Admin.Domain.UnitTests", "tests\Unit\Admin.Domain.UnitTests\Admin.Domain.UnitTests.csproj", "{2EE4BA1D-209E-4FA3-8784-FC4DECAA2160}"
EndProject
Project("{FAE04EC0-301F-11D3-BF4B-00C04F79EFBC}") = "Admin.Infrastructure.UnitTests", "tests\Unit\Admin.Infrastructure.UnitTests\Admin.Infrastructure.UnitTests.csproj", "{F426E651-2D52-4142-83FD-705F601B7908}"
EndProject
Project("{FAE04EC0-301F-11D3-BF4B-00C04F79EFBC}") = "Admin.Application.UnitTests", "tests\Unit\Admin.Application.UnitTests\Admin.Application.UnitTests.csproj", "{3A87CEB7-6869-4268-ABE0-DF96BF15951C}"
EndProject
Project("{2150E333-8FDC-42A3-9474-1A3956D46DE8}") = "Auth", "Auth", "{DB4234F0-2F5D-4B23-ABDE-DCC0B7839D23}"
EndProject
Project("{FAE04EC0-301F-11D3-BF4B-00C04F79EFBC}") = "Hello100Admin.Modules.Auth.Domain", "src\Modules\Auth\Domain\Hello100Admin.Modules.Auth.Domain.csproj", "{613363A5-041F-4784-B773-C68FA589F976}"
EndProject
Project("{FAE04EC0-301F-11D3-BF4B-00C04F79EFBC}") = "Hello100Admin.Modules.Auth.Infrastructure", "src\Modules\Auth\Infrastructure\Hello100Admin.Modules.Auth.Infrastructure.csproj", "{04906FD8-A107-476B-AA46-35201DC47203}"
EndProject
Project("{FAE04EC0-301F-11D3-BF4B-00C04F79EFBC}") = "Hello100Admin.Modules.Auth.Application", "src\Modules\Auth\Application\Hello100Admin.Modules.Auth.Application.csproj", "{8CC76AC0-9C83-4B43-B67C-766DFD761019}"
EndProject
Project("{FAE04EC0-301F-11D3-BF4B-00C04F79EFBC}") = "Hello100Admin.Modules.Admin.Domain", "src\Modules\Admin\Domain\Hello100Admin.Modules.Admin.Domain.csproj", "{01D81592-1BA0-4F82-B0F2-D0172F417FDE}"
EndProject
Project("{FAE04EC0-301F-11D3-BF4B-00C04F79EFBC}") = "Hello100Admin.Modules.Admin.Infrastructure", "src\Modules\Admin\Infrastructure\Hello100Admin.Modules.Admin.Infrastructure.csproj", "{CF5FC3AC-3591-4276-805C-25A9E13C3DC5}"
EndProject
Project("{FAE04EC0-301F-11D3-BF4B-00C04F79EFBC}") = "Hello100Admin.Modules.Admin.Application", "src\Modules\Admin\Application\Hello100Admin.Modules.Admin.Application.csproj", "{912CA6B7-D4C5-41A7-999A-57D1FC07C0B9}"
EndProject
Project("{FAE04EC0-301F-11D3-BF4B-00C04F79EFBC}") = "API.UnitTests", "tests\Unit\API.UnitTests\API.UnitTests.csproj", "{D4537EF1-42E6-4D36-8441-39727EFD2C75}"
EndProject
Project("{2150E333-8FDC-42A3-9474-1A3956D46DE8}") = "Seller", "Seller", "{02EA681E-C7D8-13C7-8484-4AC65E1B71E8}"
EndProject
Project("{FAE04EC0-301F-11D3-BF4B-00C04F79EFBC}") = "Hello100Admin.Modules.Seller.Domain", "src\Modules\Seller\Domain\Hello100Admin.Modules.Seller.Domain.csproj", "{56157C32-1CAE-709A-E1F7-92D7F3982DE5}"
EndProject
Project("{FAE04EC0-301F-11D3-BF4B-00C04F79EFBC}") = "Hello100Admin.Modules.Seller.Infrastructure", "src\Modules\Seller\Infrastructure\Hello100Admin.Modules.Seller.Infrastructure.csproj", "{2C302E46-C928-7BC5-AC0B-6416413255EE}"
EndProject
Project("{FAE04EC0-301F-11D3-BF4B-00C04F79EFBC}") = "Hello100Admin.Modules.Seller.Application", "src\Modules\Seller\Application\Hello100Admin.Modules.Seller.Application.csproj", "{4747275B-5F61-EAEA-225B-5238169FC569}"
EndProject
Project("{FAE04EC0-301F-11D3-BF4B-00C04F79EFBC}") = "Seller.API.IntegrationTests", "tests\Integration\Seller.API.IntegrationTests\Seller.API.IntegrationTests.csproj", "{57DA2856-8662-419A-BA7D-432AEE63A71C}"
EndProject
Global
	GlobalSection(SolutionConfigurationPlatforms) = preSolution
		Debug|Any CPU = Debug|Any CPU
		Release|Any CPU = Release|Any CPU
	EndGlobalSection
	GlobalSection(ProjectConfigurationPlatforms) = postSolution
		{93C138EA-BD20-4643-872E-681D32696700}.Debug|Any CPU.ActiveCfg = Debug|Any CPU
		{93C138EA-BD20-4643-872E-681D32696700}.Debug|Any CPU.Build.0 = Debug|Any CPU
		{93C138EA-BD20-4643-872E-681D32696700}.Release|Any CPU.ActiveCfg = Release|Any CPU
		{93C138EA-BD20-4643-872E-681D32696700}.Release|Any CPU.Build.0 = Release|Any CPU
		{6ED97EB6-0DD8-4184-B846-6026DFEC0833}.Debug|Any CPU.ActiveCfg = Debug|Any CPU
		{6ED97EB6-0DD8-4184-B846-6026DFEC0833}.Debug|Any CPU.Build.0 = Debug|Any CPU
		{6ED97EB6-0DD8-4184-B846-6026DFEC0833}.Release|Any CPU.ActiveCfg = Release|Any CPU
		{6ED97EB6-0DD8-4184-B846-6026DFEC0833}.Release|Any CPU.Build.0 = Release|Any CPU
		{E444FF7F-E47E-46A0-9308-392A5AD54121}.Debug|Any CPU.ActiveCfg = Debug|Any CPU
		{E444FF7F-E47E-46A0-9308-392A5AD54121}.Debug|Any CPU.Build.0 = Debug|Any CPU
		{E444FF7F-E47E-46A0-9308-392A5AD54121}.Release|Any CPU.ActiveCfg = Release|Any CPU
		{E444FF7F-E47E-46A0-9308-392A5AD54121}.Release|Any CPU.Build.0 = Release|Any CPU
		{D20B4035-39DE-4BBA-A099-86DCF550A555}.Debug|Any CPU.ActiveCfg = Debug|Any CPU
		{D20B4035-39DE-4BBA-A099-86DCF550A555}.Debug|Any CPU.Build.0 = Debug|Any CPU
		{D20B4035-39DE-4BBA-A099-86DCF550A555}.Release|Any CPU.ActiveCfg = Release|Any CPU
		{D20B4035-39DE-4BBA-A099-86DCF550A555}.Release|Any CPU.Build.0 = Release|Any CPU
		{1ED6CDD7-D492-46FA-BB26-162B96A12A71}.Debug|Any CPU.ActiveCfg = Debug|Any CPU
		{1ED6CDD7-D492-46FA-BB26-162B96A12A71}.Debug|Any CPU.Build.0 = Debug|Any CPU
		{1ED6CDD7-D492-46FA-BB26-162B96A12A71}.Release|Any CPU.ActiveCfg = Release|Any CPU
		{1ED6CDD7-D492-46FA-BB26-162B96A12A71}.Release|Any CPU.Build.0 = Release|Any CPU
		{89D4003C-BCDD-4713-A407-028125EC499A}.Debug|Any CPU.ActiveCfg = Debug|Any CPU
		{89D4003C-BCDD-4713-A407-028125EC499A}.Debug|Any CPU.Build.0 = Debug|Any CPU
		{89D4003C-BCDD-4713-A407-028125EC499A}.Release|Any CPU.ActiveCfg = Release|Any CPU
		{89D4003C-BCDD-4713-A407-028125EC499A}.Release|Any CPU.Build.0 = Release|Any CPU
		{469A163A-147E-49E3-BBA2-803A8712A40D}.Debug|Any CPU.ActiveCfg = Debug|Any CPU
		{469A163A-147E-49E3-BBA2-803A8712A40D}.Debug|Any CPU.Build.0 = Debug|Any CPU
		{469A163A-147E-49E3-BBA2-803A8712A40D}.Release|Any CPU.ActiveCfg = Release|Any CPU
		{469A163A-147E-49E3-BBA2-803A8712A40D}.Release|Any CPU.Build.0 = Release|Any CPU
		{2EE4BA1D-209E-4FA3-8784-FC4DECAA2160}.Debug|Any CPU.ActiveCfg = Debug|Any CPU
		{2EE4BA1D-209E-4FA3-8784-FC4DECAA2160}.Debug|Any CPU.Build.0 = Debug|Any CPU
		{2EE4BA1D-209E-4FA3-8784-FC4DECAA2160}.Release|Any CPU.ActiveCfg = Release|Any CPU
		{2EE4BA1D-209E-4FA3-8784-FC4DECAA2160}.Release|Any CPU.Build.0 = Release|Any CPU
		{F426E651-2D52-4142-83FD-705F601B7908}.Debug|Any CPU.ActiveCfg = Debug|Any CPU
		{F426E651-2D52-4142-83FD-705F601B7908}.Debug|Any CPU.Build.0 = Debug|Any CPU
		{F426E651-2D52-4142-83FD-705F601B7908}.Release|Any CPU.ActiveCfg = Release|Any CPU
		{F426E651-2D52-4142-83FD-705F601B7908}.Release|Any CPU.Build.0 = Release|Any CPU
		{3A87CEB7-6869-4268-ABE0-DF96BF15951C}.Debug|Any CPU.ActiveCfg = Debug|Any CPU
		{3A87CEB7-6869-4268-ABE0-DF96BF15951C}.Debug|Any CPU.Build.0 = Debug|Any CPU
		{3A87CEB7-6869-4268-ABE0-DF96BF15951C}.Release|Any CPU.ActiveCfg = Release|Any CPU
		{3A87CEB7-6869-4268-ABE0-DF96BF15951C}.Release|Any CPU.Build.0 = Release|Any CPU
		{613363A5-041F-4784-B773-C68FA589F976}.Debug|Any CPU.ActiveCfg = Debug|Any CPU
		{613363A5-041F-4784-B773-C68FA589F976}.Debug|Any CPU.Build.0 = Debug|Any CPU
		{613363A5-041F-4784-B773-C68FA589F976}.Release|Any CPU.ActiveCfg = Release|Any CPU
		{613363A5-041F-4784-B773-C68FA589F976}.Release|Any CPU.Build.0 = Release|Any CPU
		{04906FD8-A107-476B-AA46-35201DC47203}.Debug|Any CPU.ActiveCfg = Debug|Any CPU
		{04906FD8-A107-476B-AA46-35201DC47203}.Debug|Any CPU.Build.0 = Debug|Any CPU
		{04906FD8-A107-476B-AA46-35201DC47203}.Release|Any CPU.ActiveCfg = Release|Any CPU
		{04906FD8-A107-476B-AA46-35201DC47203}.Release|Any CPU.Build.0 = Release|Any CPU
		{8CC76AC0-9C83-4B43-B67C-766DFD761019}.Debug|Any CPU.ActiveCfg = Debug|Any CPU
		{8CC76AC0-9C83-4B43-B67C-766DFD761019}.Debug|Any CPU.Build.0 = Debug|Any CPU
		{8CC76AC0-9C83-4B43-B67C-766DFD761019}.Release|Any CPU.ActiveCfg = Release|Any CPU
		{8CC76AC0-9C83-4B43-B67C-766DFD761019}.Release|Any CPU.Build.0 = Release|Any CPU
		{01D81592-1BA0-4F82-B0F2-D0172F417FDE}.Debug|Any CPU.ActiveCfg = Debug|Any CPU
		{01D81592-1BA0-4F82-B0F2-D0172F417FDE}.Debug|Any CPU.Build.0 = Debug|Any CPU
		{01D81592-1BA0-4F82-B0F2-D0172F417FDE}.Release|Any CPU.ActiveCfg = Release|Any CPU
		{01D81592-1BA0-4F82-B0F2-D0172F417FDE}.Release|Any CPU.Build.0 = Release|Any CPU
		{CF5FC3AC-3591-4276-805C-25A9E13C3DC5}.Debug|Any CPU.ActiveCfg = Debug|Any CPU
		{CF5FC3AC-3591-4276-805C-25A9E13C3DC5}.Debug|Any CPU.Build.0 = Debug|Any CPU
		{CF5FC3AC-3591-4276-805C-25A9E13C3DC5}.Release|Any CPU.ActiveCfg = Release|Any CPU
		{CF5FC3AC-3591-4276-805C-25A9E13C3DC5}.Release|Any CPU.Build.0 = Release|Any CPU
		{912CA6B7-D4C5-41A7-999A-57D1FC07C0B9}.Debug|Any CPU.ActiveCfg = Debug|Any CPU
		{912CA6B7-D4C5-41A7-999A-57D1FC07C0B9}.Debug|Any CPU.Build.0 = Debug|Any CPU
		{912CA6B7-D4C5-41A7-999A-57D1FC07C0B9}.Release|Any CPU.ActiveCfg = Release|Any CPU
		{912CA6B7-D4C5-41A7-999A-57D1FC07C0B9}.Release|Any CPU.Build.0 = Release|Any CPU
		{D4537EF1-42E6-4D36-8441-39727EFD2C75}.Debug|Any CPU.ActiveCfg = Debug|Any CPU
		{D4537EF1-42E6-4D36-8441-39727EFD2C75}.Debug|Any CPU.Build.0 = Debug|Any CPU
		{D4537EF1-42E6-4D36-8441-39727EFD2C75}.Release|Any CPU.ActiveCfg = Release|Any CPU
		{D4537EF1-42E6-4D36-8441-39727EFD2C75}.Release|Any CPU.Build.0 = Release|Any CPU
		{56157C32-1CAE-709A-E1F7-92D7F3982DE5}.Debug|Any CPU.ActiveCfg = Debug|Any CPU
		{56157C32-1CAE-709A-E1F7-92D7F3982DE5}.Debug|Any CPU.Build.0 = Debug|Any CPU
		{56157C32-1CAE-709A-E1F7-92D7F3982DE5}.Release|Any CPU.ActiveCfg = Release|Any CPU
		{56157C32-1CAE-709A-E1F7-92D7F3982DE5}.Release|Any CPU.Build.0 = Release|Any CPU
		{2C302E46-C928-7BC5-AC0B-6416413255EE}.Debug|Any CPU.ActiveCfg = Debug|Any CPU
		{2C302E46-C928-7BC5-AC0B-6416413255EE}.Debug|Any CPU.Build.0 = Debug|Any CPU
		{2C302E46-C928-7BC5-AC0B-6416413255EE}.Release|Any CPU.ActiveCfg = Release|Any CPU
		{2C302E46-C928-7BC5-AC0B-6416413255EE}.Release|Any CPU.Build.0 = Release|Any CPU
		{4747275B-5F61-EAEA-225B-5238169FC569}.Debug|Any CPU.ActiveCfg = Debug|Any CPU
		{4747275B-5F61-EAEA-225B-5238169FC569}.Debug|Any CPU.Build.0 = Debug|Any CPU
		{4747275B-5F61-EAEA-225B-5238169FC569}.Release|Any CPU.ActiveCfg = Release|Any CPU
		{4747275B-5F61-EAEA-225B-5238169FC569}.Release|Any CPU.Build.0 = Release|Any CPU
		{57DA2856-8662-419A-BA7D-432AEE63A71C}.Debug|Any CPU.ActiveCfg = Debug|Any CPU
		{57DA2856-8662-419A-BA7D-432AEE63A71C}.Debug|Any CPU.Build.0 = Debug|Any CPU
		{57DA2856-8662-419A-BA7D-432AEE63A71C}.Release|Any CPU.ActiveCfg = Release|Any CPU
		{57DA2856-8662-419A-BA7D-432AEE63A71C}.Release|Any CPU.Build.0 = Release|Any CPU
	EndGlobalSection
	GlobalSection(SolutionProperties) = preSolution
		HideSolutionNode = FALSE
	EndGlobalSection
	GlobalSection(NestedProjects) = preSolution
		{A4594AA2-5C20-4622-8B98-68E38CEC8BAB} = {3A68F74A-EA14-4372-B3DF-A41D03A8D251}
		{93C138EA-BD20-4643-872E-681D32696700} = {A4594AA2-5C20-4622-8B98-68E38CEC8BAB}
		{6ED97EB6-0DD8-4184-B846-6026DFEC0833} = {3A68F74A-EA14-4372-B3DF-A41D03A8D251}
		{DBF1339C-44BE-4519-94C4-7A5D4316C131} = {3A68F74A-EA14-4372-B3DF-A41D03A8D251}
		{D6636524-3629-4FDA-97D9-424BF399DB24} = {9A7469D5-A0A1-43B2-8DF2-A14E201DD561}
		{DFE21D34-F6CA-499E-A43A-1416958880D2} = {9A7469D5-A0A1-43B2-8DF2-A14E201DD561}
		{E444FF7F-E47E-46A0-9308-392A5AD54121} = {DFE21D34-F6CA-499E-A43A-1416958880D2}
		{201B7A9D-5D84-5B78-8907-9921C59FE8FA} = {DBF1339C-44BE-4519-94C4-7A5D4316C131}
		{D20B4035-39DE-4BBA-A099-86DCF550A555} = {D6636524-3629-4FDA-97D9-424BF399DB24}
		{1ED6CDD7-D492-46FA-BB26-162B96A12A71} = {D6636524-3629-4FDA-97D9-424BF399DB24}
		{89D4003C-BCDD-4713-A407-028125EC499A} = {D6636524-3629-4FDA-97D9-424BF399DB24}
		{469A163A-147E-49E3-BBA2-803A8712A40D} = {DFE21D34-F6CA-499E-A43A-1416958880D2}
		{2EE4BA1D-209E-4FA3-8784-FC4DECAA2160} = {D6636524-3629-4FDA-97D9-424BF399DB24}
		{F426E651-2D52-4142-83FD-705F601B7908} = {D6636524-3629-4FDA-97D9-424BF399DB24}
		{3A87CEB7-6869-4268-ABE0-DF96BF15951C} = {D6636524-3629-4FDA-97D9-424BF399DB24}
		{DB4234F0-2F5D-4B23-ABDE-DCC0B7839D23} = {DBF1339C-44BE-4519-94C4-7A5D4316C131}
		{613363A5-041F-4784-B773-C68FA589F976} = {DB4234F0-2F5D-4B23-ABDE-DCC0B7839D23}
		{04906FD8-A107-476B-AA46-35201DC47203} = {DB4234F0-2F5D-4B23-ABDE-DCC0B7839D23}
		{8CC76AC0-9C83-4B43-B67C-766DFD761019} = {DB4234F0-2F5D-4B23-ABDE-DCC0B7839D23}
		{01D81592-1BA0-4F82-B0F2-D0172F417FDE} = {201B7A9D-5D84-5B78-8907-9921C59FE8FA}
		{CF5FC3AC-3591-4276-805C-25A9E13C3DC5} = {201B7A9D-5D84-5B78-8907-9921C59FE8FA}
		{912CA6B7-D4C5-41A7-999A-57D1FC07C0B9} = {201B7A9D-5D84-5B78-8907-9921C59FE8FA}
		{D4537EF1-42E6-4D36-8441-39727EFD2C75} = {D6636524-3629-4FDA-97D9-424BF399DB24}
		{02EA681E-C7D8-13C7-8484-4AC65E1B71E8} = {DBF1339C-44BE-4519-94C4-7A5D4316C131}
		{56157C32-1CAE-709A-E1F7-92D7F3982DE5} = {02EA681E-C7D8-13C7-8484-4AC65E1B71E8}
		{2C302E46-C928-7BC5-AC0B-6416413255EE} = {02EA681E-C7D8-13C7-8484-4AC65E1B71E8}
		{4747275B-5F61-EAEA-225B-5238169FC569} = {02EA681E-C7D8-13C7-8484-4AC65E1B71E8}
		{57DA2856-8662-419A-BA7D-432AEE63A71C} = {DFE21D34-F6CA-499E-A43A-1416958880D2}
	EndGlobalSection
	GlobalSection(ExtensibilityGlobals) = postSolution
		SolutionGuid = {3A68F74A-EA14-4372-B3DF-A41D03A8D251}
	EndGlobalSection
EndGlobal
